
Microsoft Visual Studio Solution File, Format Version 12.00
# Visual Studio Version 16
VisualStudioVersion = 16.0.28809.33
MinimumVisualStudioVersion = 10.0.40219.1
Project("{FAE04EC0-301F-11D3-BF4B-00C04F79EFBC}") = "Labs", "Labs\Labs.csproj", "{95BC41FB-0984-4690-B749-9A5E24FD245B}"
EndProject
Global
	GlobalSection(SolutionConfigurationPlatforms) = preSolution
		Debug|Any CPU = Debug|Any CPU
		Release|Any CPU = Release|Any CPU
	EndGlobalSection
	GlobalSection(ProjectConfigurationPlatforms) = postSolution
		{95BC41FB-0984-4690-B749-9A5E24FD245B}.Debug|Any CPU.ActiveCfg = Debug|Any CPU
		{95BC41FB-0984-4690-B749-9A5E24FD245B}.Debug|Any CPU.Build.0 = Debug|Any CPU
		{95BC41FB-0984-4690-B749-9A5E24FD245B}.Release|Any CPU.ActiveCfg = Release|Any CPU
		{95BC41FB-0984-4690-B749-9A5E24FD245B}.Release|Any CPU.Build.0 = Release|Any CPU
	EndGlobalSection
	GlobalSection(SolutionProperties) = preSolution
		HideSolutionNode = FALSE
	EndGlobalSection
	GlobalSection(ExtensibilityGlobals) = postSolution
		SolutionGuid = {A4CD1851-E24D-473A-9E7D-CD859F8A38A9}
	EndGlobalSection
EndGlobal
